
Microsoft Visual Studio Solution File, Format Version 12.00
# Visual Studio Version 17
VisualStudioVersion = 17.3.32819.101
MinimumVisualStudioVersion = 10.0.40219.1
Project("{FAE04EC0-301F-11D3-BF4B-00C04F79EFBC}") = "DynamicRenderComponent", "DynamicRenderComponent\DynamicRenderComponent.csproj", "{3054C035-800F-4993-9EA3-F2AC5698FDBF}"
EndProject
Project("{FAE04EC0-301F-11D3-BF4B-00C04F79EFBC}") = "DynamicRenderComponent.Server", "DynamicRenderComponent.Server\DynamicRenderComponent.Server.csproj", "{30A92905-8858-43F2-89B8-86381CD72CCF}"
EndProject
Project("{FAE04EC0-301F-11D3-BF4B-00C04F79EFBC}") = "DataModel", "DataModel\DataModel.csproj", "{7AB8502F-CEBC-45C6-AFE3-3EF684B2B19B}"
EndProject
Global
	GlobalSection(SolutionConfigurationPlatforms) = preSolution
		Debug|Any CPU = Debug|Any CPU
		Release|Any CPU = Release|Any CPU
	EndGlobalSection
	GlobalSection(ProjectConfigurationPlatforms) = postSolution
		{3054C035-800F-4993-9EA3-F2AC5698FDBF}.Debug|Any CPU.ActiveCfg = Debug|Any CPU
		{3054C035-800F-4993-9EA3-F2AC5698FDBF}.Debug|Any CPU.Build.0 = Debug|Any CPU
		{3054C035-800F-4993-9EA3-F2AC5698FDBF}.Release|Any CPU.ActiveCfg = Release|Any CPU
		{3054C035-800F-4993-9EA3-F2AC5698FDBF}.Release|Any CPU.Build.0 = Release|Any CPU
		{30A92905-8858-43F2-89B8-86381CD72CCF}.Debug|Any CPU.ActiveCfg = Debug|Any CPU
		{30A92905-8858-43F2-89B8-86381CD72CCF}.Debug|Any CPU.Build.0 = Debug|Any CPU
		{30A92905-8858-43F2-89B8-86381CD72CCF}.Release|Any CPU.ActiveCfg = Release|Any CPU
		{30A92905-8858-43F2-89B8-86381CD72CCF}.Release|Any CPU.Build.0 = Release|Any CPU
		{7AB8502F-CEBC-45C6-AFE3-3EF684B2B19B}.Debug|Any CPU.ActiveCfg = Debug|Any CPU
		{7AB8502F-CEBC-45C6-AFE3-3EF684B2B19B}.Debug|Any CPU.Build.0 = Debug|Any CPU
		{7AB8502F-CEBC-45C6-AFE3-3EF684B2B19B}.Release|Any CPU.ActiveCfg = Release|Any CPU
		{7AB8502F-CEBC-45C6-AFE3-3EF684B2B19B}.Release|Any CPU.Build.0 = Release|Any CPU
	EndGlobalSection
	GlobalSection(SolutionProperties) = preSolution
		HideSolutionNode = FALSE
	EndGlobalSection
	GlobalSection(ExtensibilityGlobals) = postSolution
		SolutionGuid = {A3CDD932-005C-4C41-99AE-7D6AB0948A5F}
	EndGlobalSection
EndGlobal
